
Microsoft Visual Studio Solution File, Format Version 12.00
# Visual Studio Version 17
VisualStudioVersion = 17.14.36301.6
MinimumVisualStudioVersion = 10.0.40219.1
Project("{FAE04EC0-301F-11D3-BF4B-00C04F79EFBC}") = "ProgramowanieObiektowe", "ProgramowanieObiektowe\ProgramowanieObiektowe.csproj", "{E7BFF341-5DDC-4A28-868A-05521BE66A92}"
EndProject
Project("{FAE04EC0-301F-11D3-BF4B-00C04F79EFBC}") = "Lab1", "Lab1\Lab1.csproj", "{482BCE48-CA53-4F4C-93B3-5A344EFBD5C8}"
EndProject
Project("{FAE04EC0-301F-11D3-BF4B-00C04F79EFBC}") = "Lab.2", "Lab.2\Lab.2.csproj", "{7B988EBD-3C7F-4F5C-988B-CBD3BB992333}"
EndProject
Global
	GlobalSection(SolutionConfigurationPlatforms) = preSolution
		Debug|Any CPU = Debug|Any CPU
		Release|Any CPU = Release|Any CPU
	EndGlobalSection
	GlobalSection(ProjectConfigurationPlatforms) = postSolution
		{E7BFF341-5DDC-4A28-868A-05521BE66A92}.Debug|Any CPU.ActiveCfg = Debug|Any CPU
		{E7BFF341-5DDC-4A28-868A-05521BE66A92}.Debug|Any CPU.Build.0 = Debug|Any CPU
		{E7BFF341-5DDC-4A28-868A-05521BE66A92}.Release|Any CPU.ActiveCfg = Release|Any CPU
		{E7BFF341-5DDC-4A28-868A-05521BE66A92}.Release|Any CPU.Build.0 = Release|Any CPU
		{482BCE48-CA53-4F4C-93B3-5A344EFBD5C8}.Debug|Any CPU.ActiveCfg = Debug|Any CPU
		{482BCE48-CA53-4F4C-93B3-5A344EFBD5C8}.Debug|Any CPU.Build.0 = Debug|Any CPU
		{482BCE48-CA53-4F4C-93B3-5A344EFBD5C8}.Release|Any CPU.ActiveCfg = Release|Any CPU
		{482BCE48-CA53-4F4C-93B3-5A344EFBD5C8}.Release|Any CPU.Build.0 = Release|Any CPU
		{7B988EBD-3C7F-4F5C-988B-CBD3BB992333}.Debug|Any CPU.ActiveCfg = Debug|Any CPU
		{7B988EBD-3C7F-4F5C-988B-CBD3BB992333}.Debug|Any CPU.Build.0 = Debug|Any CPU
		{7B988EBD-3C7F-4F5C-988B-CBD3BB992333}.Release|Any CPU.ActiveCfg = Release|Any CPU
		{7B988EBD-3C7F-4F5C-988B-CBD3BB992333}.Release|Any CPU.Build.0 = Release|Any CPU
	EndGlobalSection
	GlobalSection(SolutionProperties) = preSolution
		HideSolutionNode = FALSE
	EndGlobalSection
	GlobalSection(ExtensibilityGlobals) = postSolution
		SolutionGuid = {8763A8CA-59B1-42F9-B83D-BC9D1CBEBC94}
	EndGlobalSection
EndGlobal
